{
  "originHash" : "9d0b7d5ad3d7d723d2e8284049287b6c29ba29daed9fe163e67d4bc627471424",
  "pins" : [
    {
      "identity" : "alamofire",
      "kind" : "remoteSourceControl",
      "location" : "https://github.com/Alamofire/Alamofire",
      "state" : {
        "revision" : "513364f870f6bfc468f9d2ff0a95caccc10044c5",
        "version" : "5.10.2"
      }
    },
    {
      "identity" : "kingfisher",
      "kind" : "remoteSourceControl",
      "location" : "https://github.com/onevcat/Kingfisher",
      "state" : {
        "revision" : "b450a3b30e0767277a6eed7e02dbdebd7d173da0",
        "version" : "8.3.0"
      }
    },
    {
      "identity" : "sniffer",
      "kind" : "remoteSourceControl",
      "location" : "https://github.com/Kofktu/Sniffer",
      "state" : {
        "revision" : "09bb5c3c2f1ab787af6bc2f44c6b615fc497311d",
        "version" : "2.1.2"
      }
    }
  ],
  "version" : 3
}
